
Microsoft Visual Studio Solution File, Format Version 12.00
# Visual Studio 15
Project("{FAE04EC0-301F-11D3-BF4B-00C04F79EFBC}") = "Assembly-CSharp", "Assembly-CSharp.csproj", "{64981F25-B376-1EB8-DB81-1A37B9477C13}"
EndProject
Project("{FAE04EC0-301F-11D3-BF4B-00C04F79EFBC}") = "Assembly-CSharp-Editor", "Assembly-CSharp-Editor.csproj", "{DFAA5195-715A-4D12-2E2A-34FE465FE1C0}"
EndProject
Global
	GlobalSection(SolutionConfigurationPlatforms) = preSolution
		Debug|Any CPU = Debug|Any CPU
		Release|Any CPU = Release|Any CPU
	EndGlobalSection
	GlobalSection(ProjectConfigurationPlatforms) = postSolution
		{64981F25-B376-1EB8-DB81-1A37B9477C13}.Debug|Any CPU.ActiveCfg = Debug|Any CPU
		{64981F25-B376-1EB8-DB81-1A37B9477C13}.Debug|Any CPU.Build.0 = Debug|Any CPU
		{64981F25-B376-1EB8-DB81-1A37B9477C13}.Release|Any CPU.ActiveCfg = Release|Any CPU
		{64981F25-B376-1EB8-DB81-1A37B9477C13}.Release|Any CPU.Build.0 = Release|Any CPU
		{DFAA5195-715A-4D12-2E2A-34FE465FE1C0}.Debug|Any CPU.ActiveCfg = Debug|Any CPU
		{DFAA5195-715A-4D12-2E2A-34FE465FE1C0}.Debug|Any CPU.Build.0 = Debug|Any CPU
		{DFAA5195-715A-4D12-2E2A-34FE465FE1C0}.Release|Any CPU.ActiveCfg = Release|Any CPU
		{DFAA5195-715A-4D12-2E2A-34FE465FE1C0}.Release|Any CPU.Build.0 = Release|Any CPU
	EndGlobalSection
	GlobalSection(SolutionProperties) = preSolution
		HideSolutionNode = FALSE
	EndGlobalSection
EndGlobal
